
Microsoft Visual Studio Solution File, Format Version 12.00
# Visual Studio 15
VisualStudioVersion = 15.0.27703.2042
MinimumVisualStudioVersion = 10.0.40219.1
Project("{FAE04EC0-301F-11D3-BF4B-00C04F79EFBC}") = "Common", "CacheComponent\Common.csproj", "{40998289-5260-404C-8333-9F68243FB078}"
EndProject
Project("{FAE04EC0-301F-11D3-BF4B-00C04F79EFBC}") = "Configuration", "Configuration\Configuration.csproj", "{671D84CA-8BA0-4969-B8B0-EA2E69DEB6CE}"
EndProject
Project("{FAE04EC0-301F-11D3-BF4B-00C04F79EFBC}") = "UnitTests", "UnitTests\UnitTests.csproj", "{678B85D9-B4B3-4FA4-A8D6-AC53EDBA7146}"
EndProject
Global
	GlobalSection(SolutionConfigurationPlatforms) = preSolution
		Debug|Any CPU = Debug|Any CPU
		Release|Any CPU = Release|Any CPU
	EndGlobalSection
	GlobalSection(ProjectConfigurationPlatforms) = postSolution
		{40998289-5260-404C-8333-9F68243FB078}.Debug|Any CPU.ActiveCfg = Debug|Any CPU
		{40998289-5260-404C-8333-9F68243FB078}.Debug|Any CPU.Build.0 = Debug|Any CPU
		{40998289-5260-404C-8333-9F68243FB078}.Release|Any CPU.ActiveCfg = Release|Any CPU
		{40998289-5260-404C-8333-9F68243FB078}.Release|Any CPU.Build.0 = Release|Any CPU
		{671D84CA-8BA0-4969-B8B0-EA2E69DEB6CE}.Debug|Any CPU.ActiveCfg = Debug|Any CPU
		{671D84CA-8BA0-4969-B8B0-EA2E69DEB6CE}.Debug|Any CPU.Build.0 = Debug|Any CPU
		{671D84CA-8BA0-4969-B8B0-EA2E69DEB6CE}.Release|Any CPU.ActiveCfg = Release|Any CPU
		{671D84CA-8BA0-4969-B8B0-EA2E69DEB6CE}.Release|Any CPU.Build.0 = Release|Any CPU
		{678B85D9-B4B3-4FA4-A8D6-AC53EDBA7146}.Debug|Any CPU.ActiveCfg = Debug|Any CPU
		{678B85D9-B4B3-4FA4-A8D6-AC53EDBA7146}.Debug|Any CPU.Build.0 = Debug|Any CPU
		{678B85D9-B4B3-4FA4-A8D6-AC53EDBA7146}.Release|Any CPU.ActiveCfg = Release|Any CPU
		{678B85D9-B4B3-4FA4-A8D6-AC53EDBA7146}.Release|Any CPU.Build.0 = Release|Any CPU
	EndGlobalSection
	GlobalSection(SolutionProperties) = preSolution
		HideSolutionNode = FALSE
	EndGlobalSection
	GlobalSection(ExtensibilityGlobals) = postSolution
		SolutionGuid = {B0D15C26-41AD-4AC6-8031-856B2A0EFF6A}
	EndGlobalSection
EndGlobal
